
Microsoft Visual Studio Solution File, Format Version 12.00
# Visual Studio Version 17
VisualStudioVersion = 17.14.36212.18 d17.14
MinimumVisualStudioVersion = 10.0.40219.1
Project("{FAE04EC0-301F-11D3-BF4B-00C04F79EFBC}") = "SolidPrinciple", "SolidPrinciple\SolidPrinciple.csproj", "{524C6846-44F7-4DB6-97F0-3772B5D8CBE8}"
EndProject
Global
	GlobalSection(SolutionConfigurationPlatforms) = preSolution
		Debug|Any CPU = Debug|Any CPU
		Release|Any CPU = Release|Any CPU
	EndGlobalSection
	GlobalSection(ProjectConfigurationPlatforms) = postSolution
		{524C6846-44F7-4DB6-97F0-3772B5D8CBE8}.Debug|Any CPU.ActiveCfg = Debug|Any CPU
		{524C6846-44F7-4DB6-97F0-3772B5D8CBE8}.Debug|Any CPU.Build.0 = Debug|Any CPU
		{524C6846-44F7-4DB6-97F0-3772B5D8CBE8}.Release|Any CPU.ActiveCfg = Release|Any CPU
		{524C6846-44F7-4DB6-97F0-3772B5D8CBE8}.Release|Any CPU.Build.0 = Release|Any CPU
	EndGlobalSection
	GlobalSection(SolutionProperties) = preSolution
		HideSolutionNode = FALSE
	EndGlobalSection
	GlobalSection(ExtensibilityGlobals) = postSolution
		SolutionGuid = {AA9A3CFC-4C25-43E5-A065-92EEC6F5F808}
	EndGlobalSection
EndGlobal
