
Microsoft Visual Studio Solution File, Format Version 12.00
# Visual Studio Version 17
VisualStudioVersion = 17.14.36212.18 d17.14
MinimumVisualStudioVersion = 10.0.40219.1
Project("{FAE04EC0-301F-11D3-BF4B-00C04F79EFBC}") = "MVC_DBFirst", "MVC_DBFirst\MVC_DBFirst.csproj", "{F9EACC80-1FA8-45EC-B203-F50B168460AA}"
EndProject
Global
	GlobalSection(SolutionConfigurationPlatforms) = preSolution
		Debug|Any CPU = Debug|Any CPU
		Release|Any CPU = Release|Any CPU
	EndGlobalSection
	GlobalSection(ProjectConfigurationPlatforms) = postSolution
		{F9EACC80-1FA8-45EC-B203-F50B168460AA}.Debug|Any CPU.ActiveCfg = Debug|Any CPU
		{F9EACC80-1FA8-45EC-B203-F50B168460AA}.Debug|Any CPU.Build.0 = Debug|Any CPU
		{F9EACC80-1FA8-45EC-B203-F50B168460AA}.Release|Any CPU.ActiveCfg = Release|Any CPU
		{F9EACC80-1FA8-45EC-B203-F50B168460AA}.Release|Any CPU.Build.0 = Release|Any CPU
	EndGlobalSection
	GlobalSection(SolutionProperties) = preSolution
		HideSolutionNode = FALSE
	EndGlobalSection
	GlobalSection(ExtensibilityGlobals) = postSolution
		SolutionGuid = {F43BCE56-8583-478F-BDA0-EF8B552CEA7A}
	EndGlobalSection
EndGlobal
