
Microsoft Visual Studio Solution File, Format Version 12.00
# Visual Studio Version 17
VisualStudioVersion = 17.14.36212.18 d17.14
MinimumVisualStudioVersion = 10.0.40219.1
Project("{FAE04EC0-301F-11D3-BF4B-00C04F79EFBC}") = "SMARTLIBRARY", "SMARTLIBRARY\SMARTLIBRARY.csproj", "{2AF3C6B2-89EA-4969-ADD5-5C6B9E6AD576}"
EndProject
Global
	GlobalSection(SolutionConfigurationPlatforms) = preSolution
		Debug|Any CPU = Debug|Any CPU
		Release|Any CPU = Release|Any CPU
	EndGlobalSection
	GlobalSection(ProjectConfigurationPlatforms) = postSolution
		{2AF3C6B2-89EA-4969-ADD5-5C6B9E6AD576}.Debug|Any CPU.ActiveCfg = Debug|Any CPU
		{2AF3C6B2-89EA-4969-ADD5-5C6B9E6AD576}.Debug|Any CPU.Build.0 = Debug|Any CPU
		{2AF3C6B2-89EA-4969-ADD5-5C6B9E6AD576}.Release|Any CPU.ActiveCfg = Release|Any CPU
		{2AF3C6B2-89EA-4969-ADD5-5C6B9E6AD576}.Release|Any CPU.Build.0 = Release|Any CPU
	EndGlobalSection
	GlobalSection(SolutionProperties) = preSolution
		HideSolutionNode = FALSE
	EndGlobalSection
	GlobalSection(ExtensibilityGlobals) = postSolution
		SolutionGuid = {F27CB3ED-FB79-4391-BE49-A30476107D19}
	EndGlobalSection
EndGlobal
