
Microsoft Visual Studio Solution File, Format Version 12.00
# Visual Studio Version 17
VisualStudioVersion = 17.14.36212.18 d17.14
MinimumVisualStudioVersion = 10.0.40219.1
Project("{FAE04EC0-301F-11D3-BF4B-00C04F79EFBC}") = "APICodeFirst_Interface", "APICodeFirst_Interface\APICodeFirst_Interface.csproj", "{30FD38FD-FDE9-4E74-A315-B98DD6475BFB}"
EndProject
Global
	GlobalSection(SolutionConfigurationPlatforms) = preSolution
		Debug|Any CPU = Debug|Any CPU
		Release|Any CPU = Release|Any CPU
	EndGlobalSection
	GlobalSection(ProjectConfigurationPlatforms) = postSolution
		{30FD38FD-FDE9-4E74-A315-B98DD6475BFB}.Debug|Any CPU.ActiveCfg = Debug|Any CPU
		{30FD38FD-FDE9-4E74-A315-B98DD6475BFB}.Debug|Any CPU.Build.0 = Debug|Any CPU
		{30FD38FD-FDE9-4E74-A315-B98DD6475BFB}.Release|Any CPU.ActiveCfg = Release|Any CPU
		{30FD38FD-FDE9-4E74-A315-B98DD6475BFB}.Release|Any CPU.Build.0 = Release|Any CPU
	EndGlobalSection
	GlobalSection(SolutionProperties) = preSolution
		HideSolutionNode = FALSE
	EndGlobalSection
	GlobalSection(ExtensibilityGlobals) = postSolution
		SolutionGuid = {A757338E-1DC7-4295-98AD-BB647090CA8E}
	EndGlobalSection
EndGlobal
